Microsoft Visual Studio Solution File, Format Version 12.00
# Visual Studio Version 17
VisualStudioVersion = 17.2.32616.157
MinimumVisualStudioVersion = 10.0.40219.1
Project("{6EC3EE1D-3C4E-46DD-8F32-0CC8E7565705}") = "ListScrubber.Presentation", "ListScrubber\ListScrubber.Presentation.fsproj", "{64725205-A064-48FF-B23C-499F27D863E8}"
EndProject
Project("{6EC3EE1D-3C4E-46DD-8F32-0CC8E7565705}") = "ListScrubber.Presentation.WPF", "ListScrubber.WPF\ListScrubber.Presentation.WPF.fsproj", "{AF470C70-EF4D-45C0-8F97-C2295F9F8507}"
EndProject
Project("{6EC3EE1D-3C4E-46DD-8F32-0CC8E7565705}") = "ListScrubber.Domain", "ListScrubber.Domain\ListScrubber.Domain.fsproj", "{08CC04D7-E2E6-4C44-B8BB-C1AA49821990}"
EndProject
Project("{2150E333-8FDC-42A3-9474-1A3956D46DE8}") = "Presentation", "Presentation", "{246AC0B2-90A6-499B-B96E-E2151F209979}"
EndProject
Project("{2150E333-8FDC-42A3-9474-1A3956D46DE8}") = "Common", "Common", "{3687FDE6-5F3F-426B-B224-43F0F89A99A4}"
EndProject
Project("{2150E333-8FDC-42A3-9474-1A3956D46DE8}") = "Domain", "Domain", "{2D17AD4A-95DF-49F9-8EED-634F926DAEA2}"
EndProject
Project("{2150E333-8FDC-42A3-9474-1A3956D46DE8}") = "Infrastructure", "Infrastructure", "{E4791FF0-6FE8-4EF7-AA7D-8BF8DE4A28B2}"
EndProject
Project("{2150E333-8FDC-42A3-9474-1A3956D46DE8}") = "Tests", "Tests", "{ADBE8EDB-3D64-4E95-A155-7DC1F23C8DAF}"
EndProject
Project("{6EC3EE1D-3C4E-46DD-8F32-0CC8E7565705}") = "ListScrubber.Common", "ListScrubber.Common\ListScrubber.Common.fsproj", "{EED87DAB-A2DC-459B-9C27-AA0012058138}"
EndProject
Project("{6EC3EE1D-3C4E-46DD-8F32-0CC8E7565705}") = "ListScrubber.Infrastructure", "ListScrubber.Infrastructure\ListScrubber.Infrastructure.fsproj", "{FAE1E58D-15FB-40DA-9329-F695A42281F2}"
EndProject
Project("{2150E333-8FDC-42A3-9474-1A3956D46DE8}") = "Unit", "Unit", "{AE55157B-A9DB-46DE-BA93-02B05413DFD0}"
EndProject
Project("{2150E333-8FDC-42A3-9474-1A3956D46DE8}") = "Integration", "Integration", "{69DFDD86-CC00-4B50-A64A-EC03DEDA068E}"
EndProject
Project("{6EC3EE1D-3C4E-46DD-8F32-0CC8E7565705}") = "ListScrubber.Tests.Unit.Domain", "ListScrubber.Tests.Unit.Domain\ListScrubber.Tests.Unit.Domain.fsproj", "{A1D5F7AC-A559-47D5-86BA-C3C67AC31F6E}"
EndProject
Project("{6EC3EE1D-3C4E-46DD-8F32-0CC8E7565705}") = "ListScrubber.Tests.Integration.Domain", "ListScrubber.Tests.Integration.Domain\ListScrubber.Tests.Integration.Domain.fsproj", "{C432FE3B-2454-47D2-A991-EB7D59A4326B}"
EndProject
Global
	GlobalSection(SolutionConfigurationPlatforms) = preSolution
		Ad-Hoc|Any CPU = Ad-Hoc|Any CPU
		Ad-Hoc|ARM = Ad-Hoc|ARM
		Ad-Hoc|iPhone = Ad-Hoc|iPhone
		Ad-Hoc|iPhoneSimulator = Ad-Hoc|iPhoneSimulator
		Ad-Hoc|x64 = Ad-Hoc|x64
		Ad-Hoc|x86 = Ad-Hoc|x86
		AppStore|Any CPU = AppStore|Any CPU
		AppStore|ARM = AppStore|ARM
		AppStore|iPhone = AppStore|iPhone
		AppStore|iPhoneSimulator = AppStore|iPhoneSimulator
		AppStore|x64 = AppStore|x64
		AppStore|x86 = AppStore|x86
		Debug|Any CPU = Debug|Any CPU
		Debug|ARM = Debug|ARM
		Debug|iPhone = Debug|iPhone
		Debug|iPhoneSimulator = Debug|iPhoneSimulator
		Debug|x64 = Debug|x64
		Debug|x86 = Debug|x86
		Release|Any CPU = Release|Any CPU
		Release|ARM = Release|ARM
		Release|iPhone = Release|iPhone
		Release|iPhoneSimulator = Release|iPhoneSimulator
		Release|x64 = Release|x64
		Release|x86 = Release|x86
	EndGlobalSection
	GlobalSection(ProjectConfigurationPlatforms) = postSolution
		{64725205-A064-48FF-B23C-499F27D863E8}.Ad-Hoc|Any CPU.ActiveCfg = Debug|Any CPU
		{64725205-A064-48FF-B23C-499F27D863E8}.Ad-Hoc|Any CPU.Build.0 = Debug|Any CPU
		{64725205-A064-48FF-B23C-499F27D863E8}.Ad-Hoc|ARM.ActiveCfg = Debug|Any CPU
		{64725205-A064-48FF-B23C-499F27D863E8}.Ad-Hoc|ARM.Build.0 = Debug|Any CPU
		{64725205-A064-48FF-B23C-499F27D863E8}.Ad-Hoc|iPhone.ActiveCfg = Debug|Any CPU
		{64725205-A064-48FF-B23C-499F27D863E8}.Ad-Hoc|iPhone.Build.0 = Debug|Any CPU
		{64725205-A064-48FF-B23C-499F27D863E8}.Ad-Hoc|iPhoneSimulator.ActiveCfg = Debug|Any CPU
		{64725205-A064-48FF-B23C-499F27D863E8}.Ad-Hoc|iPhoneSimulator.Build.0 = Debug|Any CPU
		{64725205-A064-48FF-B23C-499F27D863E8}.Ad-Hoc|x64.ActiveCfg = Debug|Any CPU
		{64725205-A064-48FF-B23C-499F27D863E8}.Ad-Hoc|x64.Build.0 = Debug|Any CPU
		{64725205-A064-48FF-B23C-499F27D863E8}.Ad-Hoc|x86.ActiveCfg = Debug|Any CPU
		{64725205-A064-48FF-B23C-499F27D863E8}.Ad-Hoc|x86.Build.0 = Debug|Any CPU
		{64725205-A064-48FF-B23C-499F27D863E8}.AppStore|Any CPU.ActiveCfg = Debug|Any CPU
		{64725205-A064-48FF-B23C-499F27D863E8}.AppStore|Any CPU.Build.0 = Debug|Any CPU
		{64725205-A064-48FF-B23C-499F27D863E8}.AppStore|ARM.ActiveCfg = Debug|Any CPU
		{64725205-A064-48FF-B23C-499F27D863E8}.AppStore|ARM.Build.0 = Debug|Any CPU
		{64725205-A064-48FF-B23C-499F27D863E8}.AppStore|iPhone.ActiveCfg = Debug|Any CPU
		{64725205-A064-48FF-B23C-499F27D863E8}.AppStore|iPhone.Build.0 = Debug|Any CPU
		{64725205-A064-48FF-B23C-499F27D863E8}.AppStore|iPhoneSimulator.ActiveCfg = Debug|Any CPU
		{64725205-A064-48FF-B23C-499F27D863E8}.AppStore|iPhoneSimulator.Build.0 = Debug|Any CPU
		{64725205-A064-48FF-B23C-499F27D863E8}.AppStore|x64.ActiveCfg = Debug|Any CPU
		{64725205-A064-48FF-B23C-499F27D863E8}.AppStore|x64.Build.0 = Debug|Any CPU
		{64725205-A064-48FF-B23C-499F27D863E8}.AppStore|x86.ActiveCfg = Debug|Any CPU
		{64725205-A064-48FF-B23C-499F27D863E8}.AppStore|x86.Build.0 = Debug|Any CPU
		{64725205-A064-48FF-B23C-499F27D863E8}.Debug|Any CPU.ActiveCfg = Debug|Any CPU
		{64725205-A064-48FF-B23C-499F27D863E8}.Debug|Any CPU.Build.0 = Debug|Any CPU
		{64725205-A064-48FF-B23C-499F27D863E8}.Debug|ARM.ActiveCfg = Debug|Any CPU
		{64725205-A064-48FF-B23C-499F27D863E8}.Debug|ARM.Build.0 = Debug|Any CPU
		{64725205-A064-48FF-B23C-499F27D863E8}.Debug|iPhone.ActiveCfg = Debug|Any CPU
		{64725205-A064-48FF-B23C-499F27D863E8}.Debug|iPhone.Build.0 = Debug|Any CPU
		{64725205-A064-48FF-B23C-499F27D863E8}.Debug|iPhoneSimulator.ActiveCfg = Debug|Any CPU
		{64725205-A064-48FF-B23C-499F27D863E8}.Debug|iPhoneSimulator.Build.0 = Debug|Any CPU
		{64725205-A064-48FF-B23C-499F27D863E8}.Debug|x64.ActiveCfg = Debug|Any CPU
		{64725205-A064-48FF-B23C-499F27D863E8}.Debug|x64.Build.0 = Debug|Any CPU
		{64725205-A064-48FF-B23C-499F27D863E8}.Debug|x86.ActiveCfg = Debug|Any CPU
		{64725205-A064-48FF-B23C-499F27D863E8}.Debug|x86.Build.0 = Debug|Any CPU
		{64725205-A064-48FF-B23C-499F27D863E8}.Release|Any CPU.ActiveCfg = Release|Any CPU
		{64725205-A064-48FF-B23C-499F27D863E8}.Release|Any CPU.Build.0 = Release|Any CPU
		{64725205-A064-48FF-B23C-499F27D863E8}.Release|ARM.ActiveCfg = Release|Any CPU
		{64725205-A064-48FF-B23C-499F27D863E8}.Release|ARM.Build.0 = Release|Any CPU
		{64725205-A064-48FF-B23C-499F27D863E8}.Release|iPhone.ActiveCfg = Release|Any CPU
		{64725205-A064-48FF-B23C-499F27D863E8}.Release|iPhone.Build.0 = Release|Any CPU
		{64725205-A064-48FF-B23C-499F27D863E8}.Release|iPhoneSimulator.ActiveCfg = Release|Any CPU
		{64725205-A064-48FF-B23C-499F27D863E8}.Release|iPhoneSimulator.Build.0 = Release|Any CPU
		{64725205-A064-48FF-B23C-499F27D863E8}.Release|x64.ActiveCfg = Release|Any CPU
		{64725205-A064-48FF-B23C-499F27D863E8}.Release|x64.Build.0 = Release|Any CPU
		{64725205-A064-48FF-B23C-499F27D863E8}.Release|x86.ActiveCfg = Release|Any CPU
		{64725205-A064-48FF-B23C-499F27D863E8}.Release|x86.Build.0 = Release|Any CPU
		{AF470C70-EF4D-45C0-8F97-C2295F9F8507}.Ad-Hoc|Any CPU.ActiveCfg = Release|Any CPU
		{AF470C70-EF4D-45C0-8F97-C2295F9F8507}.Ad-Hoc|Any CPU.Build.0 = Release|Any CPU
		{AF470C70-EF4D-45C0-8F97-C2295F9F8507}.Ad-Hoc|ARM.ActiveCfg = Release|Any CPU
		{AF470C70-EF4D-45C0-8F97-C2295F9F8507}.Ad-Hoc|ARM.Build.0 = Release|Any CPU
		{AF470C70-EF4D-45C0-8F97-C2295F9F8507}.Ad-Hoc|iPhone.ActiveCfg = Release|Any CPU
		{AF470C70-EF4D-45C0-8F97-C2295F9F8507}.Ad-Hoc|iPhone.Build.0 = Release|Any CPU
		{AF470C70-EF4D-45C0-8F97-C2295F9F8507}.Ad-Hoc|iPhoneSimulator.ActiveCfg = Release|Any CPU
		{AF470C70-EF4D-45C0-8F97-C2295F9F8507}.Ad-Hoc|iPhoneSimulator.Build.0 = Release|Any CPU
		{AF470C70-EF4D-45C0-8F97-C2295F9F8507}.Ad-Hoc|x64.ActiveCfg = Release|Any CPU
		{AF470C70-EF4D-45C0-8F97-C2295F9F8507}.Ad-Hoc|x64.Build.0 = Release|Any CPU
		{AF470C70-EF4D-45C0-8F97-C2295F9F8507}.Ad-Hoc|x86.ActiveCfg = Release|Any CPU
		{AF470C70-EF4D-45C0-8F97-C2295F9F8507}.Ad-Hoc|x86.Build.0 = Release|Any CPU
		{AF470C70-EF4D-45C0-8F97-C2295F9F8507}.AppStore|Any CPU.ActiveCfg = Release|Any CPU
		{AF470C70-EF4D-45C0-8F97-C2295F9F8507}.AppStore|Any CPU.Build.0 = Release|Any CPU
		{AF470C70-EF4D-45C0-8F97-C2295F9F8507}.AppStore|ARM.ActiveCfg = Release|Any CPU
		{AF470C70-EF4D-45C0-8F97-C2295F9F8507}.AppStore|ARM.Build.0 = Release|Any CPU
		{AF470C70-EF4D-45C0-8F97-C2295F9F8507}.AppStore|iPhone.ActiveCfg = Release|Any CPU
		{AF470C70-EF4D-45C0-8F97-C2295F9F8507}.AppStore|iPhone.Build.0 = Release|Any CPU
		{AF470C70-EF4D-45C0-8F97-C2295F9F8507}.AppStore|iPhoneSimulator.ActiveCfg = Release|Any CPU
		{AF470C70-EF4D-45C0-8F97-C2295F9F8507}.AppStore|iPhoneSimulator.Build.0 = Release|Any CPU
		{AF470C70-EF4D-45C0-8F97-C2295F9F8507}.AppStore|x64.ActiveCfg = Release|Any CPU
		{AF470C70-EF4D-45C0-8F97-C2295F9F8507}.AppStore|x64.Build.0 = Release|Any CPU
		{AF470C70-EF4D-45C0-8F97-C2295F9F8507}.AppStore|x86.ActiveCfg = Release|Any CPU
		{AF470C70-EF4D-45C0-8F97-C2295F9F8507}.AppStore|x86.Build.0 = Release|Any CPU
		{AF470C70-EF4D-45C0-8F97-C2295F9F8507}.Debug|Any CPU.ActiveCfg = Debug|Any CPU
		{AF470C70-EF4D-45C0-8F97-C2295F9F8507}.Debug|Any CPU.Build.0 = Debug|Any CPU
		{AF470C70-EF4D-45C0-8F97-C2295F9F8507}.Debug|ARM.ActiveCfg = Debug|Any CPU
		{AF470C70-EF4D-45C0-8F97-C2295F9F8507}.Debug|ARM.Build.0 = Debug|Any CPU
		{AF470C70-EF4D-45C0-8F97-C2295F9F8507}.Debug|iPhone.ActiveCfg = Debug|Any CPU
		{AF470C70-EF4D-45C0-8F97-C2295F9F8507}.Debug|iPhone.Build.0 = Debug|Any CPU
		{AF470C70-EF4D-45C0-8F97-C2295F9F8507}.Debug|iPhoneSimulator.ActiveCfg = Debug|Any CPU
		{AF470C70-EF4D-45C0-8F97-C2295F9F8507}.Debug|iPhoneSimulator.Build.0 = Debug|Any CPU
		{AF470C70-EF4D-45C0-8F97-C2295F9F8507}.Debug|x64.ActiveCfg = Debug|Any CPU
		{AF470C70-EF4D-45C0-8F97-C2295F9F8507}.Debug|x64.Build.0 = Debug|Any CPU
		{AF470C70-EF4D-45C0-8F97-C2295F9F8507}.Debug|x86.ActiveCfg = Debug|Any CPU
		{AF470C70-EF4D-45C0-8F97-C2295F9F8507}.Debug|x86.Build.0 = Debug|Any CPU
		{AF470C70-EF4D-45C0-8F97-C2295F9F8507}.Release|Any CPU.ActiveCfg = Release|Any CPU
		{AF470C70-EF4D-45C0-8F97-C2295F9F8507}.Release|Any CPU.Build.0 = Release|Any CPU
		{AF470C70-EF4D-45C0-8F97-C2295F9F8507}.Release|ARM.ActiveCfg = Release|Any CPU
		{AF470C70-EF4D-45C0-8F97-C2295F9F8507}.Release|ARM.Build.0 = Release|Any CPU
		{AF470C70-EF4D-45C0-8F97-C2295F9F8507}.Release|iPhone.ActiveCfg = Release|Any CPU
		{AF470C70-EF4D-45C0-8F97-C2295F9F8507}.Release|iPhone.Build.0 = Release|Any CPU
		{AF470C70-EF4D-45C0-8F97-C2295F9F8507}.Release|iPhoneSimulator.ActiveCfg = Release|Any CPU
		{AF470C70-EF4D-45C0-8F97-C2295F9F8507}.Release|iPhoneSimulator.Build.0 = Release|Any CPU
		{AF470C70-EF4D-45C0-8F97-C2295F9F8507}.Release|x64.ActiveCfg = Release|Any CPU
		{AF470C70-EF4D-45C0-8F97-C2295F9F8507}.Release|x64.Build.0 = Release|Any CPU
		{AF470C70-EF4D-45C0-8F97-C2295F9F8507}.Release|x86.ActiveCfg = Release|Any CPU
		{AF470C70-EF4D-45C0-8F97-C2295F9F8507}.Release|x86.Build.0 = Release|Any CPU
		{08CC04D7-E2E6-4C44-B8BB-C1AA49821990}.Ad-Hoc|Any CPU.ActiveCfg = Debug|Any CPU
		{08CC04D7-E2E6-4C44-B8BB-C1AA49821990}.Ad-Hoc|Any CPU.Build.0 = Debug|Any CPU
		{08CC04D7-E2E6-4C44-B8BB-C1AA49821990}.Ad-Hoc|ARM.ActiveCfg = Debug|Any CPU
		{08CC04D7-E2E6-4C44-B8BB-C1AA49821990}.Ad-Hoc|ARM.Build.0 = Debug|Any CPU
		{08CC04D7-E2E6-4C44-B8BB-C1AA49821990}.Ad-Hoc|iPhone.ActiveCfg = Debug|Any CPU
		{08CC04D7-E2E6-4C44-B8BB-C1AA49821990}.Ad-Hoc|iPhone.Build.0 = Debug|Any CPU
		{08CC04D7-E2E6-4C44-B8BB-C1AA49821990}.Ad-Hoc|iPhoneSimulator.ActiveCfg = Debug|Any CPU
		{08CC04D7-E2E6-4C44-B8BB-C1AA49821990}.Ad-Hoc|iPhoneSimulator.Build.0 = Debug|Any CPU
		{08CC04D7-E2E6-4C44-B8BB-C1AA49821990}.Ad-Hoc|x64.ActiveCfg = Debug|Any CPU
		{08CC04D7-E2E6-4C44-B8BB-C1AA49821990}.Ad-Hoc|x64.Build.0 = Debug|Any CPU
		{08CC04D7-E2E6-4C44-B8BB-C1AA49821990}.Ad-Hoc|x86.ActiveCfg = Debug|Any CPU
		{08CC04D7-E2E6-4C44-B8BB-C1AA49821990}.Ad-Hoc|x86.Build.0 = Debug|Any CPU
		{08CC04D7-E2E6-4C44-B8BB-C1AA49821990}.AppStore|Any CPU.ActiveCfg = Debug|Any CPU
		{08CC04D7-E2E6-4C44-B8BB-C1AA49821990}.AppStore|Any CPU.Build.0 = Debug|Any CPU
		{08CC04D7-E2E6-4C44-B8BB-C1AA49821990}.AppStore|ARM.ActiveCfg = Debug|Any CPU
		{08CC04D7-E2E6-4C44-B8BB-C1AA49821990}.AppStore|ARM.Build.0 = Debug|Any CPU
		{08CC04D7-E2E6-4C44-B8BB-C1AA49821990}.AppStore|iPhone.ActiveCfg = Debug|Any CPU
		{08CC04D7-E2E6-4C44-B8BB-C1AA49821990}.AppStore|iPhone.Build.0 = Debug|Any CPU
		{08CC04D7-E2E6-4C44-B8BB-C1AA49821990}.AppStore|iPhoneSimulator.ActiveCfg = Debug|Any CPU
		{08CC04D7-E2E6-4C44-B8BB-C1AA49821990}.AppStore|iPhoneSimulator.Build.0 = Debug|Any CPU
		{08CC04D7-E2E6-4C44-B8BB-C1AA49821990}.AppStore|x64.ActiveCfg = Debug|Any CPU
		{08CC04D7-E2E6-4C44-B8BB-C1AA49821990}.AppStore|x64.Build.0 = Debug|Any CPU
		{08CC04D7-E2E6-4C44-B8BB-C1AA49821990}.AppStore|x86.ActiveCfg = Debug|Any CPU
		{08CC04D7-E2E6-4C44-B8BB-C1AA49821990}.AppStore|x86.Build.0 = Debug|Any CPU
		{08CC04D7-E2E6-4C44-B8BB-C1AA49821990}.Debug|Any CPU.ActiveCfg = Debug|Any CPU
		{08CC04D7-E2E6-4C44-B8BB-C1AA49821990}.Debug|Any CPU.Build.0 = Debug|Any CPU
		{08CC04D7-E2E6-4C44-B8BB-C1AA49821990}.Debug|ARM.ActiveCfg = Debug|Any CPU
		{08CC04D7-E2E6-4C44-B8BB-C1AA49821990}.Debug|ARM.Build.0 = Debug|Any CPU
		{08CC04D7-E2E6-4C44-B8BB-C1AA49821990}.Debug|iPhone.ActiveCfg = Debug|Any CPU
		{08CC04D7-E2E6-4C44-B8BB-C1AA49821990}.Debug|iPhone.Build.0 = Debug|Any CPU
		{08CC04D7-E2E6-4C44-B8BB-C1AA49821990}.Debug|iPhoneSimulator.ActiveCfg = Debug|Any CPU
		{08CC04D7-E2E6-4C44-B8BB-C1AA49821990}.Debug|iPhoneSimulator.Build.0 = Debug|Any CPU
		{08CC04D7-E2E6-4C44-B8BB-C1AA49821990}.Debug|x64.ActiveCfg = Debug|Any CPU
		{08CC04D7-E2E6-4C44-B8BB-C1AA49821990}.Debug|x64.Build.0 = Debug|Any CPU
		{08CC04D7-E2E6-4C44-B8BB-C1AA49821990}.Debug|x86.ActiveCfg = Debug|Any CPU
		{08CC04D7-E2E6-4C44-B8BB-C1AA49821990}.Debug|x86.Build.0 = Debug|Any CPU
		{08CC04D7-E2E6-4C44-B8BB-C1AA49821990}.Release|Any CPU.ActiveCfg = Release|Any CPU
		{08CC04D7-E2E6-4C44-B8BB-C1AA49821990}.Release|Any CPU.Build.0 = Release|Any CPU
		{08CC04D7-E2E6-4C44-B8BB-C1AA49821990}.Release|ARM.ActiveCfg = Release|Any CPU
		{08CC04D7-E2E6-4C44-B8BB-C1AA49821990}.Release|ARM.Build.0 = Release|Any CPU
		{08CC04D7-E2E6-4C44-B8BB-C1AA49821990}.Release|iPhone.ActiveCfg = Release|Any CPU
		{08CC04D7-E2E6-4C44-B8BB-C1AA49821990}.Release|iPhone.Build.0 = Release|Any CPU
		{08CC04D7-E2E6-4C44-B8BB-C1AA49821990}.Release|iPhoneSimulator.ActiveCfg = Release|Any CPU
		{08CC04D7-E2E6-4C44-B8BB-C1AA49821990}.Release|iPhoneSimulator.Build.0 = Release|Any CPU
		{08CC04D7-E2E6-4C44-B8BB-C1AA49821990}.Release|x64.ActiveCfg = Release|Any CPU
		{08CC04D7-E2E6-4C44-B8BB-C1AA49821990}.Release|x64.Build.0 = Release|Any CPU
		{08CC04D7-E2E6-4C44-B8BB-C1AA49821990}.Release|x86.ActiveCfg = Release|Any CPU
		{08CC04D7-E2E6-4C44-B8BB-C1AA49821990}.Release|x86.Build.0 = Release|Any CPU
		{EED87DAB-A2DC-459B-9C27-AA0012058138}.Ad-Hoc|Any CPU.ActiveCfg = Debug|Any CPU
		{EED87DAB-A2DC-459B-9C27-AA0012058138}.Ad-Hoc|Any CPU.Build.0 = Debug|Any CPU
		{EED87DAB-A2DC-459B-9C27-AA0012058138}.Ad-Hoc|ARM.ActiveCfg = Debug|Any CPU
		{EED87DAB-A2DC-459B-9C27-AA0012058138}.Ad-Hoc|ARM.Build.0 = Debug|Any CPU
		{EED87DAB-A2DC-459B-9C27-AA0012058138}.Ad-Hoc|iPhone.ActiveCfg = Debug|Any CPU
		{EED87DAB-A2DC-459B-9C27-AA0012058138}.Ad-Hoc|iPhone.Build.0 = Debug|Any CPU
		{EED87DAB-A2DC-459B-9C27-AA0012058138}.Ad-Hoc|iPhoneSimulator.ActiveCfg = Debug|Any CPU
		{EED87DAB-A2DC-459B-9C27-AA0012058138}.Ad-Hoc|iPhoneSimulator.Build.0 = Debug|Any CPU
		{EED87DAB-A2DC-459B-9C27-AA0012058138}.Ad-Hoc|x64.ActiveCfg = Debug|Any CPU
		{EED87DAB-A2DC-459B-9C27-AA0012058138}.Ad-Hoc|x64.Build.0 = Debug|Any CPU
		{EED87DAB-A2DC-459B-9C27-AA0012058138}.Ad-Hoc|x86.ActiveCfg = Debug|Any CPU
		{EED87DAB-A2DC-459B-9C27-AA0012058138}.Ad-Hoc|x86.Build.0 = Debug|Any CPU
		{EED87DAB-A2DC-459B-9C27-AA0012058138}.AppStore|Any CPU.ActiveCfg = Debug|Any CPU
		{EED87DAB-A2DC-459B-9C27-AA0012058138}.AppStore|Any CPU.Build.0 = Debug|Any CPU
		{EED87DAB-A2DC-459B-9C27-AA0012058138}.AppStore|ARM.ActiveCfg = Debug|Any CPU
		{EED87DAB-A2DC-459B-9C27-AA0012058138}.AppStore|ARM.Build.0 = Debug|Any CPU
		{EED87DAB-A2DC-459B-9C27-AA0012058138}.AppStore|iPhone.ActiveCfg = Debug|Any CPU
		{EED87DAB-A2DC-459B-9C27-AA0012058138}.AppStore|iPhone.Build.0 = Debug|Any CPU
		{EED87DAB-A2DC-459B-9C27-AA0012058138}.AppStore|iPhoneSimulator.ActiveCfg = Debug|Any CPU
		{EED87DAB-A2DC-459B-9C27-AA0012058138}.AppStore|iPhoneSimulator.Build.0 = Debug|Any CPU
		{EED87DAB-A2DC-459B-9C27-AA0012058138}.AppStore|x64.ActiveCfg = Debug|Any CPU
		{EED87DAB-A2DC-459B-9C27-AA0012058138}.AppStore|x64.Build.0 = Debug|Any CPU
		{EED87DAB-A2DC-459B-9C27-AA0012058138}.AppStore|x86.ActiveCfg = Debug|Any CPU
		{EED87DAB-A2DC-459B-9C27-AA0012058138}.AppStore|x86.Build.0 = Debug|Any CPU
		{EED87DAB-A2DC-459B-9C27-AA0012058138}.Debug|Any CPU.ActiveCfg = Debug|Any CPU
		{EED87DAB-A2DC-459B-9C27-AA0012058138}.Debug|Any CPU.Build.0 = Debug|Any CPU
		{EED87DAB-A2DC-459B-9C27-AA0012058138}.Debug|ARM.ActiveCfg = Debug|Any CPU
		{EED87DAB-A2DC-459B-9C27-AA0012058138}.Debug|ARM.Build.0 = Debug|Any CPU
		{EED87DAB-A2DC-459B-9C27-AA0012058138}.Debug|iPhone.ActiveCfg = Debug|Any CPU
		{EED87DAB-A2DC-459B-9C27-AA0012058138}.Debug|iPhone.Build.0 = Debug|Any CPU
		{EED87DAB-A2DC-459B-9C27-AA0012058138}.Debug|iPhoneSimulator.ActiveCfg = Debug|Any CPU
		{EED87DAB-A2DC-459B-9C27-AA0012058138}.Debug|iPhoneSimulator.Build.0 = Debug|Any CPU
		{EED87DAB-A2DC-459B-9C27-AA0012058138}.Debug|x64.ActiveCfg = Debug|Any CPU
		{EED87DAB-A2DC-459B-9C27-AA0012058138}.Debug|x64.Build.0 = Debug|Any CPU
		{EED87DAB-A2DC-459B-9C27-AA0012058138}.Debug|x86.ActiveCfg = Debug|Any CPU
		{EED87DAB-A2DC-459B-9C27-AA0012058138}.Debug|x86.Build.0 = Debug|Any CPU
		{EED87DAB-A2DC-459B-9C27-AA0012058138}.Release|Any CPU.ActiveCfg = Release|Any CPU
		{EED87DAB-A2DC-459B-9C27-AA0012058138}.Release|Any CPU.Build.0 = Release|Any CPU
		{EED87DAB-A2DC-459B-9C27-AA0012058138}.Release|ARM.ActiveCfg = Release|Any CPU
		{EED87DAB-A2DC-459B-9C27-AA0012058138}.Release|ARM.Build.0 = Release|Any CPU
		{EED87DAB-A2DC-459B-9C27-AA0012058138}.Release|iPhone.ActiveCfg = Release|Any CPU
		{EED87DAB-A2DC-459B-9C27-AA0012058138}.Release|iPhone.Build.0 = Release|Any CPU
		{EED87DAB-A2DC-459B-9C27-AA0012058138}.Release|iPhoneSimulator.ActiveCfg = Release|Any CPU
		{EED87DAB-A2DC-459B-9C27-AA0012058138}.Release|iPhoneSimulator.Build.0 = Release|Any CPU
		{EED87DAB-A2DC-459B-9C27-AA0012058138}.Release|x64.ActiveCfg = Release|Any CPU
		{EED87DAB-A2DC-459B-9C27-AA0012058138}.Release|x64.Build.0 = Release|Any CPU
		{EED87DAB-A2DC-459B-9C27-AA0012058138}.Release|x86.ActiveCfg = Release|Any CPU
		{EED87DAB-A2DC-459B-9C27-AA0012058138}.Release|x86.Build.0 = Release|Any CPU
		{FAE1E58D-15FB-40DA-9329-F695A42281F2}.Ad-Hoc|Any CPU.ActiveCfg = Debug|Any CPU
		{FAE1E58D-15FB-40DA-9329-F695A42281F2}.Ad-Hoc|Any CPU.Build.0 = Debug|Any CPU
		{FAE1E58D-15FB-40DA-9329-F695A42281F2}.Ad-Hoc|ARM.ActiveCfg = Debug|Any CPU
		{FAE1E58D-15FB-40DA-9329-F695A42281F2}.Ad-Hoc|ARM.Build.0 = Debug|Any CPU
		{FAE1E58D-15FB-40DA-9329-F695A42281F2}.Ad-Hoc|iPhone.ActiveCfg = Debug|Any CPU
		{FAE1E58D-15FB-40DA-9329-F695A42281F2}.Ad-Hoc|iPhone.Build.0 = Debug|Any CPU
		{FAE1E58D-15FB-40DA-9329-F695A42281F2}.Ad-Hoc|iPhoneSimulator.ActiveCfg = Debug|Any CPU
		{FAE1E58D-15FB-40DA-9329-F695A42281F2}.Ad-Hoc|iPhoneSimulator.Build.0 = Debug|Any CPU
		{FAE1E58D-15FB-40DA-9329-F695A42281F2}.Ad-Hoc|x64.ActiveCfg = Debug|Any CPU
		{FAE1E58D-15FB-40DA-9329-F695A42281F2}.Ad-Hoc|x64.Build.0 = Debug|Any CPU
		{FAE1E58D-15FB-40DA-9329-F695A42281F2}.Ad-Hoc|x86.ActiveCfg = Debug|Any CPU
		{FAE1E58D-15FB-40DA-9329-F695A42281F2}.Ad-Hoc|x86.Build.0 = Debug|Any CPU
		{FAE1E58D-15FB-40DA-9329-F695A42281F2}.AppStore|Any CPU.ActiveCfg = Debug|Any CPU
		{FAE1E58D-15FB-40DA-9329-F695A42281F2}.AppStore|Any CPU.Build.0 = Debug|Any CPU
		{FAE1E58D-15FB-40DA-9329-F695A42281F2}.AppStore|ARM.ActiveCfg = Debug|Any CPU
		{FAE1E58D-15FB-40DA-9329-F695A42281F2}.AppStore|ARM.Build.0 = Debug|Any CPU
		{FAE1E58D-15FB-40DA-9329-F695A42281F2}.AppStore|iPhone.ActiveCfg = Debug|Any CPU
		{FAE1E58D-15FB-40DA-9329-F695A42281F2}.AppStore|iPhone.Build.0 = Debug|Any CPU
		{FAE1E58D-15FB-40DA-9329-F695A42281F2}.AppStore|iPhoneSimulator.ActiveCfg = Debug|Any CPU
		{FAE1E58D-15FB-40DA-9329-F695A42281F2}.AppStore|iPhoneSimulator.Build.0 = Debug|Any CPU
		{FAE1E58D-15FB-40DA-9329-F695A42281F2}.AppStore|x64.ActiveCfg = Debug|Any CPU
		{FAE1E58D-15FB-40DA-9329-F695A42281F2}.AppStore|x64.Build.0 = Debug|Any CPU
		{FAE1E58D-15FB-40DA-9329-F695A42281F2}.AppStore|x86.ActiveCfg = Debug|Any CPU
		{FAE1E58D-15FB-40DA-9329-F695A42281F2}.AppStore|x86.Build.0 = Debug|Any CPU
		{FAE1E58D-15FB-40DA-9329-F695A42281F2}.Debug|Any CPU.ActiveCfg = Debug|Any CPU
		{FAE1E58D-15FB-40DA-9329-F695A42281F2}.Debug|Any CPU.Build.0 = Debug|Any CPU
		{FAE1E58D-15FB-40DA-9329-F695A42281F2}.Debug|ARM.ActiveCfg = Debug|Any CPU
		{FAE1E58D-15FB-40DA-9329-F695A42281F2}.Debug|ARM.Build.0 = Debug|Any CPU
		{FAE1E58D-15FB-40DA-9329-F695A42281F2}.Debug|iPhone.ActiveCfg = Debug|Any CPU
		{FAE1E58D-15FB-40DA-9329-F695A42281F2}.Debug|iPhone.Build.0 = Debug|Any CPU
		{FAE1E58D-15FB-40DA-9329-F695A42281F2}.Debug|iPhoneSimulator.ActiveCfg = Debug|Any CPU
		{FAE1E58D-15FB-40DA-9329-F695A42281F2}.Debug|iPhoneSimulator.Build.0 = Debug|Any CPU
		{FAE1E58D-15FB-40DA-9329-F695A42281F2}.Debug|x64.ActiveCfg = Debug|Any CPU
		{FAE1E58D-15FB-40DA-9329-F695A42281F2}.Debug|x64.Build.0 = Debug|Any CPU
		{FAE1E58D-15FB-40DA-9329-F695A42281F2}.Debug|x86.ActiveCfg = Debug|Any CPU
		{FAE1E58D-15FB-40DA-9329-F695A42281F2}.Debug|x86.Build.0 = Debug|Any CPU
		{FAE1E58D-15FB-40DA-9329-F695A42281F2}.Release|Any CPU.ActiveCfg = Release|Any CPU
		{FAE1E58D-15FB-40DA-9329-F695A42281F2}.Release|Any CPU.Build.0 = Release|Any CPU
		{FAE1E58D-15FB-40DA-9329-F695A42281F2}.Release|ARM.ActiveCfg = Release|Any CPU
		{FAE1E58D-15FB-40DA-9329-F695A42281F2}.Release|ARM.Build.0 = Release|Any CPU
		{FAE1E58D-15FB-40DA-9329-F695A42281F2}.Release|iPhone.ActiveCfg = Release|Any CPU
		{FAE1E58D-15FB-40DA-9329-F695A42281F2}.Release|iPhone.Build.0 = Release|Any CPU
		{FAE1E58D-15FB-40DA-9329-F695A42281F2}.Release|iPhoneSimulator.ActiveCfg = Release|Any CPU
		{FAE1E58D-15FB-40DA-9329-F695A42281F2}.Release|iPhoneSimulator.Build.0 = Release|Any CPU
		{FAE1E58D-15FB-40DA-9329-F695A42281F2}.Release|x64.ActiveCfg = Release|Any CPU
		{FAE1E58D-15FB-40DA-9329-F695A42281F2}.Release|x64.Build.0 = Release|Any CPU
		{FAE1E58D-15FB-40DA-9329-F695A42281F2}.Release|x86.ActiveCfg = Release|Any CPU
		{FAE1E58D-15FB-40DA-9329-F695A42281F2}.Release|x86.Build.0 = Release|Any CPU
		{A1D5F7AC-A559-47D5-86BA-C3C67AC31F6E}.Ad-Hoc|Any CPU.ActiveCfg = Debug|Any CPU
		{A1D5F7AC-A559-47D5-86BA-C3C67AC31F6E}.Ad-Hoc|Any CPU.Build.0 = Debug|Any CPU
		{A1D5F7AC-A559-47D5-86BA-C3C67AC31F6E}.Ad-Hoc|ARM.ActiveCfg = Debug|Any CPU
		{A1D5F7AC-A559-47D5-86BA-C3C67AC31F6E}.Ad-Hoc|ARM.Build.0 = Debug|Any CPU
		{A1D5F7AC-A559-47D5-86BA-C3C67AC31F6E}.Ad-Hoc|iPhone.ActiveCfg = Debug|Any CPU
		{A1D5F7AC-A559-47D5-86BA-C3C67AC31F6E}.Ad-Hoc|iPhone.Build.0 = Debug|Any CPU
		{A1D5F7AC-A559-47D5-86BA-C3C67AC31F6E}.Ad-Hoc|iPhoneSimulator.ActiveCfg = Debug|Any CPU
		{A1D5F7AC-A559-47D5-86BA-C3C67AC31F6E}.Ad-Hoc|iPhoneSimulator.Build.0 = Debug|Any CPU
		{A1D5F7AC-A559-47D5-86BA-C3C67AC31F6E}.Ad-Hoc|x64.ActiveCfg = Debug|Any CPU
		{A1D5F7AC-A559-47D5-86BA-C3C67AC31F6E}.Ad-Hoc|x64.Build.0 = Debug|Any CPU
		{A1D5F7AC-A559-47D5-86BA-C3C67AC31F6E}.Ad-Hoc|x86.ActiveCfg = Debug|Any CPU
		{A1D5F7AC-A559-47D5-86BA-C3C67AC31F6E}.Ad-Hoc|x86.Build.0 = Debug|Any CPU
		{A1D5F7AC-A559-47D5-86BA-C3C67AC31F6E}.AppStore|Any CPU.ActiveCfg = Debug|Any CPU
		{A1D5F7AC-A559-47D5-86BA-C3C67AC31F6E}.AppStore|Any CPU.Build.0 = Debug|Any CPU
		{A1D5F7AC-A559-47D5-86BA-C3C67AC31F6E}.AppStore|ARM.ActiveCfg = Debug|Any CPU
		{A1D5F7AC-A559-47D5-86BA-C3C67AC31F6E}.AppStore|ARM.Build.0 = Debug|Any CPU
		{A1D5F7AC-A559-47D5-86BA-C3C67AC31F6E}.AppStore|iPhone.ActiveCfg = Debug|Any CPU
		{A1D5F7AC-A559-47D5-86BA-C3C67AC31F6E}.AppStore|iPhone.Build.0 = Debug|Any CPU
		{A1D5F7AC-A559-47D5-86BA-C3C67AC31F6E}.AppStore|iPhoneSimulator.ActiveCfg = Debug|Any CPU
		{A1D5F7AC-A559-47D5-86BA-C3C67AC31F6E}.AppStore|iPhoneSimulator.Build.0 = Debug|Any CPU
		{A1D5F7AC-A559-47D5-86BA-C3C67AC31F6E}.AppStore|x64.ActiveCfg = Debug|Any CPU
		{A1D5F7AC-A559-47D5-86BA-C3C67AC31F6E}.AppStore|x64.Build.0 = Debug|Any CPU
		{A1D5F7AC-A559-47D5-86BA-C3C67AC31F6E}.AppStore|x86.ActiveCfg = Debug|Any CPU
		{A1D5F7AC-A559-47D5-86BA-C3C67AC31F6E}.AppStore|x86.Build.0 = Debug|Any CPU
		{A1D5F7AC-A559-47D5-86BA-C3C67AC31F6E}.Debug|Any CPU.ActiveCfg = Debug|Any CPU
		{A1D5F7AC-A559-47D5-86BA-C3C67AC31F6E}.Debug|Any CPU.Build.0 = Debug|Any CPU
		{A1D5F7AC-A559-47D5-86BA-C3C67AC31F6E}.Debug|ARM.ActiveCfg = Debug|Any CPU
		{A1D5F7AC-A559-47D5-86BA-C3C67AC31F6E}.Debug|ARM.Build.0 = Debug|Any CPU
		{A1D5F7AC-A559-47D5-86BA-C3C67AC31F6E}.Debug|iPhone.ActiveCfg = Debug|Any CPU
		{A1D5F7AC-A559-47D5-86BA-C3C67AC31F6E}.Debug|iPhone.Build.0 = Debug|Any CPU
		{A1D5F7AC-A559-47D5-86BA-C3C67AC31F6E}.Debug|iPhoneSimulator.ActiveCfg = Debug|Any CPU
		{A1D5F7AC-A559-47D5-86BA-C3C67AC31F6E}.Debug|iPhoneSimulator.Build.0 = Debug|Any CPU
		{A1D5F7AC-A559-47D5-86BA-C3C67AC31F6E}.Debug|x64.ActiveCfg = Debug|Any CPU
		{A1D5F7AC-A559-47D5-86BA-C3C67AC31F6E}.Debug|x64.Build.0 = Debug|Any CPU
		{A1D5F7AC-A559-47D5-86BA-C3C67AC31F6E}.Debug|x86.ActiveCfg = Debug|Any CPU
		{A1D5F7AC-A559-47D5-86BA-C3C67AC31F6E}.Debug|x86.Build.0 = Debug|Any CPU
		{A1D5F7AC-A559-47D5-86BA-C3C67AC31F6E}.Release|Any CPU.ActiveCfg = Release|Any CPU
		{A1D5F7AC-A559-47D5-86BA-C3C67AC31F6E}.Release|Any CPU.Build.0 = Release|Any CPU
		{A1D5F7AC-A559-47D5-86BA-C3C67AC31F6E}.Release|ARM.ActiveCfg = Release|Any CPU
		{A1D5F7AC-A559-47D5-86BA-C3C67AC31F6E}.Release|ARM.Build.0 = Release|Any CPU
		{A1D5F7AC-A559-47D5-86BA-C3C67AC31F6E}.Release|iPhone.ActiveCfg = Release|Any CPU
		{A1D5F7AC-A559-47D5-86BA-C3C67AC31F6E}.Release|iPhone.Build.0 = Release|Any CPU
		{A1D5F7AC-A559-47D5-86BA-C3C67AC31F6E}.Release|iPhoneSimulator.ActiveCfg = Release|Any CPU
		{A1D5F7AC-A559-47D5-86BA-C3C67AC31F6E}.Release|iPhoneSimulator.Build.0 = Release|Any CPU
		{A1D5F7AC-A559-47D5-86BA-C3C67AC31F6E}.Release|x64.ActiveCfg = Release|Any CPU
		{A1D5F7AC-A559-47D5-86BA-C3C67AC31F6E}.Release|x64.Build.0 = Release|Any CPU
		{A1D5F7AC-A559-47D5-86BA-C3C67AC31F6E}.Release|x86.ActiveCfg = Release|Any CPU
		{A1D5F7AC-A559-47D5-86BA-C3C67AC31F6E}.Release|x86.Build.0 = Release|Any CPU
		{C432FE3B-2454-47D2-A991-EB7D59A4326B}.Ad-Hoc|Any CPU.ActiveCfg = Debug|Any CPU
		{C432FE3B-2454-47D2-A991-EB7D59A4326B}.Ad-Hoc|Any CPU.Build.0 = Debug|Any CPU
		{C432FE3B-2454-47D2-A991-EB7D59A4326B}.Ad-Hoc|ARM.ActiveCfg = Debug|Any CPU
		{C432FE3B-2454-47D2-A991-EB7D59A4326B}.Ad-Hoc|ARM.Build.0 = Debug|Any CPU
		{C432FE3B-2454-47D2-A991-EB7D59A4326B}.Ad-Hoc|iPhone.ActiveCfg = Debug|Any CPU
		{C432FE3B-2454-47D2-A991-EB7D59A4326B}.Ad-Hoc|iPhone.Build.0 = Debug|Any CPU
		{C432FE3B-2454-47D2-A991-EB7D59A4326B}.Ad-Hoc|iPhoneSimulator.ActiveCfg = Debug|Any CPU
		{C432FE3B-2454-47D2-A991-EB7D59A4326B}.Ad-Hoc|iPhoneSimulator.Build.0 = Debug|Any CPU
		{C432FE3B-2454-47D2-A991-EB7D59A4326B}.Ad-Hoc|x64.ActiveCfg = Debug|Any CPU
		{C432FE3B-2454-47D2-A991-EB7D59A4326B}.Ad-Hoc|x64.Build.0 = Debug|Any CPU
		{C432FE3B-2454-47D2-A991-EB7D59A4326B}.Ad-Hoc|x86.ActiveCfg = Debug|Any CPU
		{C432FE3B-2454-47D2-A991-EB7D59A4326B}.Ad-Hoc|x86.Build.0 = Debug|Any CPU
		{C432FE3B-2454-47D2-A991-EB7D59A4326B}.AppStore|Any CPU.ActiveCfg = Debug|Any CPU
		{C432FE3B-2454-47D2-A991-EB7D59A4326B}.AppStore|Any CPU.Build.0 = Debug|Any CPU
		{C432FE3B-2454-47D2-A991-EB7D59A4326B}.AppStore|ARM.ActiveCfg = Debug|Any CPU
		{C432FE3B-2454-47D2-A991-EB7D59A4326B}.AppStore|ARM.Build.0 = Debug|Any CPU
		{C432FE3B-2454-47D2-A991-EB7D59A4326B}.AppStore|iPhone.ActiveCfg = Debug|Any CPU
		{C432FE3B-2454-47D2-A991-EB7D59A4326B}.AppStore|iPhone.Build.0 = Debug|Any CPU
		{C432FE3B-2454-47D2-A991-EB7D59A4326B}.AppStore|iPhoneSimulator.ActiveCfg = Debug|Any CPU
		{C432FE3B-2454-47D2-A991-EB7D59A4326B}.AppStore|iPhoneSimulator.Build.0 = Debug|Any CPU
		{C432FE3B-2454-47D2-A991-EB7D59A4326B}.AppStore|x64.ActiveCfg = Debug|Any CPU
		{C432FE3B-2454-47D2-A991-EB7D59A4326B}.AppStore|x64.Build.0 = Debug|Any CPU
		{C432FE3B-2454-47D2-A991-EB7D59A4326B}.AppStore|x86.ActiveCfg = Debug|Any CPU
		{C432FE3B-2454-47D2-A991-EB7D59A4326B}.AppStore|x86.Build.0 = Debug|Any CPU
		{C432FE3B-2454-47D2-A991-EB7D59A4326B}.Debug|Any CPU.ActiveCfg = Debug|Any CPU
		{C432FE3B-2454-47D2-A991-EB7D59A4326B}.Debug|Any CPU.Build.0 = Debug|Any CPU
		{C432FE3B-2454-47D2-A991-EB7D59A4326B}.Debug|ARM.ActiveCfg = Debug|Any CPU
		{C432FE3B-2454-47D2-A991-EB7D59A4326B}.Debug|ARM.Build.0 = Debug|Any CPU
		{C432FE3B-2454-47D2-A991-EB7D59A4326B}.Debug|iPhone.ActiveCfg = Debug|Any CPU
		{C432FE3B-2454-47D2-A991-EB7D59A4326B}.Debug|iPhone.Build.0 = Debug|Any CPU
		{C432FE3B-2454-47D2-A991-EB7D59A4326B}.Debug|iPhoneSimulator.ActiveCfg = Debug|Any CPU
		{C432FE3B-2454-47D2-A991-EB7D59A4326B}.Debug|iPhoneSimulator.Build.0 = Debug|Any CPU
		{C432FE3B-2454-47D2-A991-EB7D59A4326B}.Debug|x64.ActiveCfg = Debug|Any CPU
		{C432FE3B-2454-47D2-A991-EB7D59A4326B}.Debug|x64.Build.0 = Debug|Any CPU
		{C432FE3B-2454-47D2-A991-EB7D59A4326B}.Debug|x86.ActiveCfg = Debug|Any CPU
		{C432FE3B-2454-47D2-A991-EB7D59A4326B}.Debug|x86.Build.0 = Debug|Any CPU
		{C432FE3B-2454-47D2-A991-EB7D59A4326B}.Release|Any CPU.ActiveCfg = Release|Any CPU
		{C432FE3B-2454-47D2-A991-EB7D59A4326B}.Release|Any CPU.Build.0 = Release|Any CPU
		{C432FE3B-2454-47D2-A991-EB7D59A4326B}.Release|ARM.ActiveCfg = Release|Any CPU
		{C432FE3B-2454-47D2-A991-EB7D59A4326B}.Release|ARM.Build.0 = Release|Any CPU
		{C432FE3B-2454-47D2-A991-EB7D59A4326B}.Release|iPhone.ActiveCfg = Release|Any CPU
		{C432FE3B-2454-47D2-A991-EB7D59A4326B}.Release|iPhone.Build.0 = Release|Any CPU
		{C432FE3B-2454-47D2-A991-EB7D59A4326B}.Release|iPhoneSimulator.ActiveCfg = Release|Any CPU
		{C432FE3B-2454-47D2-A991-EB7D59A4326B}.Release|iPhoneSimulator.Build.0 = Release|Any CPU
		{C432FE3B-2454-47D2-A991-EB7D59A4326B}.Release|x64.ActiveCfg = Release|Any CPU
		{C432FE3B-2454-47D2-A991-EB7D59A4326B}.Release|x64.Build.0 = Release|Any CPU
		{C432FE3B-2454-47D2-A991-EB7D59A4326B}.Release|x86.ActiveCfg = Release|Any CPU
		{C432FE3B-2454-47D2-A991-EB7D59A4326B}.Release|x86.Build.0 = Release|Any CPU
	EndGlobalSection
	GlobalSection(SolutionProperties) = preSolution
		HideSolutionNode = FALSE
	EndGlobalSection
	GlobalSection(NestedProjects) = preSolution
		{64725205-A064-48FF-B23C-499F27D863E8} = {246AC0B2-90A6-499B-B96E-E2151F209979}
		{AF470C70-EF4D-45C0-8F97-C2295F9F8507} = {246AC0B2-90A6-499B-B96E-E2151F209979}
		{08CC04D7-E2E6-4C44-B8BB-C1AA49821990} = {2D17AD4A-95DF-49F9-8EED-634F926DAEA2}
		{EED87DAB-A2DC-459B-9C27-AA0012058138} = {3687FDE6-5F3F-426B-B224-43F0F89A99A4}
		{FAE1E58D-15FB-40DA-9329-F695A42281F2} = {E4791FF0-6FE8-4EF7-AA7D-8BF8DE4A28B2}
		{AE55157B-A9DB-46DE-BA93-02B05413DFD0} = {ADBE8EDB-3D64-4E95-A155-7DC1F23C8DAF}
		{69DFDD86-CC00-4B50-A64A-EC03DEDA068E} = {ADBE8EDB-3D64-4E95-A155-7DC1F23C8DAF}
		{A1D5F7AC-A559-47D5-86BA-C3C67AC31F6E} = {AE55157B-A9DB-46DE-BA93-02B05413DFD0}
		{C432FE3B-2454-47D2-A991-EB7D59A4326B} = {69DFDD86-CC00-4B50-A64A-EC03DEDA068E}
	EndGlobalSection
	GlobalSection(ExtensibilityGlobals) = postSolution
		VisualSVNWorkingCopyRoot = .
		SolutionGuid = {F6D05029-56B8-4E45-AF2D-0E76295DDBA2}
	EndGlobalSection
EndGlobal
